{
	"name": "react-date-pickers-example",
	"version": "0.0.0",
	"lockfileVersion": 2,
	"requires": true,
	"packages": {
		"": {
			"name": "react-date-pickers-example",
			"version": "0.0.0",
			"dependencies": {
				"react": "file:../node_modules/react",
				"react-datetime-pickers": "file:..",
				"react-dom": "file:../node_modules/react-dom",
				"react-scripts": "file:../node_modules/react-scripts"
			},
			"devDependencies": {
				"@babel/plugin-syntax-object-rest-spread": "^7.8.3"
			}
		},
		"node_modules/@babel/helper-plugin-utils": {
			"version": "7.10.4",
			"resolved": "https://registry.npmjs.org/@babel/helper-plugin-utils/-/helper-plugin-utils-7.10.4.tgz",
			"integrity": "sha512-O4KCvQA6lLiMU9l2eawBPMf1xPP8xPfB3iEQw150hOVTqj/rfXz0ThTb4HEzqQfs2Bmo5Ay8BzxfzVtBrr9dVg==",
			"dev": true
		},
		"node_modules/@babel/plugin-syntax-object-rest-spread": {
			"version": "7.8.3",
			"resolved": "https://registry.npmjs.org/@babel/plugin-syntax-object-rest-spread/-/plugin-syntax-object-rest-spread-7.8.3.tgz",
			"integrity": "sha512-XoqMijGZb9y3y2XskN+P1wUGiVwWZ5JmoDRwx5+3GmEplNyVM2s2Dg8ILFQm8rWM48orGy5YpI5Bl8U1y7ydlA==",
			"dev": true,
			"dependencies": {
				"@babel/helper-plugin-utils": "^7.8.0"
			}
		},
		"node_modules/react": {
			"resolved": "../node_modules/react",
			"link": true
		},
		"node_modules/react-datetime-pickers": {
			"resolved": "..",
			"link": true
		},
		"node_modules/react-dom": {
			"resolved": "../node_modules/react-dom",
			"link": true
		},
		"node_modules/react-scripts": {
			"resolved": "../node_modules/react-scripts",
			"link": true
		}
	},
	"dependencies": {
		"@babel/helper-plugin-utils": {
			"version": "7.10.4",
			"resolved": "https://registry.npmjs.org/@babel/helper-plugin-utils/-/helper-plugin-utils-7.10.4.tgz",
			"integrity": "sha512-O4KCvQA6lLiMU9l2eawBPMf1xPP8xPfB3iEQw150hOVTqj/rfXz0ThTb4HEzqQfs2Bmo5Ay8BzxfzVtBrr9dVg==",
			"dev": true
		},
		"@babel/plugin-syntax-object-rest-spread": {
			"version": "7.8.3",
			"resolved": "https://registry.npmjs.org/@babel/plugin-syntax-object-rest-spread/-/plugin-syntax-object-rest-spread-7.8.3.tgz",
			"integrity": "sha512-XoqMijGZb9y3y2XskN+P1wUGiVwWZ5JmoDRwx5+3GmEplNyVM2s2Dg8ILFQm8rWM48orGy5YpI5Bl8U1y7ydlA==",
			"dev": true,
			"requires": {
				"@babel/helper-plugin-utils": "^7.8.0"
			}
		},
		"react": {
			"version": "16.14.0"
		},
		"react-datetime-pickers": {
			"version": "1.0.0"
		},
		"react-dom": {
			"version": "16.14.0"
		},
		"react-scripts": {
			"version": "3.4.4"
		}
	}
}
